// !$*UTF8*$!
{
	archiveVersion = 1;
	classes = {
	};
	objectVersion = 46;
	objects = {

/* Begin PBXBuildFile section */
		BEF5C4C41AC63F5A004DCA40 /* AppDelegate.swift in Sources */ = {isa = PBXBuildFile; fileRef = BEF5C4C31AC63F5A004DCA40 /* AppDelegate.swift */; };
		BEF5C4C61AC63F5A004DCA40 /* ViewController.swift in Sources */ = {isa = PBXBuildFile; fileRef = BEF5C4C51AC63F5A004DCA40 /* ViewController.swift */; };
		BEF5C4C91AC63F5A004DCA40 /* Main.storyboard in Resources */ = {isa = PBXBuildFile; fileRef = BEF5C4C71AC63F5A004DCA40 /* Main.storyboard */; };
		BEF5C4CB1AC63F5A004DCA40 /* Images.xcassets in Resources */ = {isa = PBXBuildFile; fileRef = BEF5C4CA1AC63F5A004DCA40 /* Images.xcassets */; };
		BEF5C4CE1AC63F5A004DCA40 /* LaunchScreen.xib in Resources */ = {isa = PBXBuildFile; fileRef = BEF5C4CC1AC63F5A004DCA40 /* LaunchScreen.xib */; };
		BEF5C4DA1AC63F5A004DCA40 /* WatchKit_PositioningTests.swift in Sources */ = {isa = PBXBuildFile; fileRef = BEF5C4D91AC63F5A004DCA40 /* WatchKit_PositioningTests.swift */; };
		BEF5C4F01AC648F5004DCA40 /* InterfaceController.swift in Sources */ = {isa = PBXBuildFile; fileRef = BEF5C4EF1AC648F5004DCA40 /* InterfaceController.swift */; };
		BEF5C4F21AC648F5004DCA40 /* Images.xcassets in Resources */ = {isa = PBXBuildFile; fileRef = BEF5C4F11AC648F5004DCA40 /* Images.xcassets */; };
		BEF5C4F61AC648F5004DCA40 /* WatchKit Positioning WatchKit App.app in Resources */ = {isa = PBXBuildFile; fileRef = BEF5C4F51AC648F5004DCA40 /* WatchKit Positioning WatchKit App.app */; };
		BEF5C4FE1AC648F5004DCA40 /* Interface.storyboard in Resources */ = {isa = PBXBuildFile; fileRef = BEF5C4FC1AC648F5004DCA40 /* Interface.storyboard */; };
		BEF5C5001AC648F5004DCA40 /* Images.xcassets in Resources */ = {isa = PBXBuildFile; fileRef = BEF5C4FF1AC648F5004DCA40 /* Images.xcassets */; };
		BEF5C5041AC648F5004DCA40 /* WatchKit Positioning WatchKit Extension.appex in Embed App Extensions */ = {isa = PBXBuildFile; fileRef = BEF5C4EB1AC648F5004DCA40 /* WatchKit Positioning WatchKit Extension.appex */; settings = {ATTRIBUTES = (RemoveHeadersOnCopy, ); }; };
/* End PBXBuildFile section */

/* Begin PBXContainerItemProxy section */
		BEF5C4D41AC63F5A004DCA40 /* PBXContainerItemProxy */ = {
			isa = PBXContainerItemProxy;
			containerPortal = BEF5C4B61AC63F5A004DCA40 /* Project object */;
			proxyType = 1;
			remoteGlobalIDString = BEF5C4BD1AC63F5A004DCA40;
			remoteInfo = "WatchKit Positioning";
		};
		BEF5C4F71AC648F5004DCA40 /* PBXContainerItemProxy */ = {
			isa = PBXContainerItemProxy;
			containerPortal = BEF5C4B61AC63F5A004DCA40 /* Project object */;
			proxyType = 1;
			remoteGlobalIDString = BEF5C4F41AC648F5004DCA40;
			remoteInfo = "WatchKit Positioning WatchKit App";
		};
		BEF5C5011AC648F5004DCA40 /* PBXContainerItemProxy */ = {
			isa = PBXContainerItemProxy;
			containerPortal = BEF5C4B61AC63F5A004DCA40 /* Project object */;
			proxyType = 1;
			remoteGlobalIDString = BEF5C4EA1AC648F5004DCA40;
			remoteInfo = "WatchKit Positioning WatchKit Extension";
		};
/* End PBXContainerItemProxy section */

/* Begin PBXCopyFilesBuildPhase section */
		BEF5C5031AC648F5004DCA40 /* Embed App Extensions */ = {
			isa = PBXCopyFilesBuildPhase;
			buildActionMask = 2147483647;
			dstPath = "";
			dstSubfolderSpec = 13;
			files = (
				BEF5C5041AC648F5004DCA40 /* WatchKit Positioning WatchKit Extension.appex in Embed App Extensions */,
			);
			name = "Embed App Extensions";
			runOnlyForDeploymentPostprocessing = 0;
		};
/* End PBXCopyFilesBuildPhase section */

/* Begin PBXFileReference section */
		BEF5C4BE1AC63F5A004DCA40 /* WatchKit Positioning.app */ = {isa = PBXFileReference; explicitFileType = wrapper.application; includeInIndex = 0; path = "WatchKit Positioning.app"; sourceTree = BUILT_PRODUCTS_DIR; };
		BEF5C4C21AC63F5A004DCA40 /* Info.plist */ = {isa = PBXFileReference; lastKnownFileType = text.plist.xml; path = Info.plist; sourceTree = "<group>"; };
		BEF5C4C31AC63F5A004DCA40 /* AppDelegate.swift */ = {isa = PBXFileReference; lastKnownFileType = sourcecode.swift; path = AppDelegate.swift; sourceTree = "<group>"; };
		BEF5C4C51AC63F5A004DCA40 /* ViewController.swift */ = {isa = PBXFileReference; lastKnownFileType = sourcecode.swift; path = ViewController.swift; sourceTree = "<group>"; };
		BEF5C4C81AC63F5A004DCA40 /* Base */ = {isa = PBXFileReference; lastKnownFileType = file.storyboard; name = Base; path = Base.lproj/Main.storyboard; sourceTree = "<group>"; };
		BEF5C4CA1AC63F5A004DCA40 /* Images.xcassets */ = {isa = PBXFileReference; lastKnownFileType = folder.assetcatalog; path = Images.xcassets; sourceTree = "<group>"; };
		BEF5C4CD1AC63F5A004DCA40 /* Base */ = {isa = PBXFileReference; lastKnownFileType = file.xib; name = Base; path = Base.lproj/LaunchScreen.xib; sourceTree = "<group>"; };
		BEF5C4D31AC63F5A004DCA40 /* WatchKit PositioningTests.xctest */ = {isa = PBXFileReference; explicitFileType = wrapper.cfbundle; includeInIndex = 0; path = "WatchKit PositioningTests.xctest"; sourceTree = BUILT_PRODUCTS_DIR; };
		BEF5C4D81AC63F5A004DCA40 /* Info.plist */ = {isa = PBXFileReference; lastKnownFileType = text.plist.xml; path = Info.plist; sourceTree = "<group>"; };
		BEF5C4D91AC63F5A004DCA40 /* WatchKit_PositioningTests.swift */ = {isa = PBXFileReference; lastKnownFileType = sourcecode.swift; path = WatchKit_PositioningTests.swift; sourceTree = "<group>"; };
		BEF5C4E31AC6410C004DCA40 /* LICENSE.md */ = {isa = PBXFileReference; fileEncoding = 4; lastKnownFileType = net.daringfireball.markdown; path = LICENSE.md; sourceTree = "<group>"; };
		BEF5C4E41AC6410C004DCA40 /* README.md */ = {isa = PBXFileReference; fileEncoding = 4; lastKnownFileType = net.daringfireball.markdown; path = README.md; sourceTree = "<group>"; };
		BEF5C4EB1AC648F5004DCA40 /* WatchKit Positioning WatchKit Extension.appex */ = {isa = PBXFileReference; explicitFileType = "wrapper.app-extension"; includeInIndex = 0; path = "WatchKit Positioning WatchKit Extension.appex"; sourceTree = BUILT_PRODUCTS_DIR; };
		BEF5C4EE1AC648F5004DCA40 /* Info.plist */ = {isa = PBXFileReference; lastKnownFileType = text.plist.xml; path = Info.plist; sourceTree = "<group>"; };
		BEF5C4EF1AC648F5004DCA40 /* InterfaceController.swift */ = {isa = PBXFileReference; lastKnownFileType = sourcecode.swift; path = InterfaceController.swift; sourceTree = "<group>"; };
		BEF5C4F11AC648F5004DCA40 /* Images.xcassets */ = {isa = PBXFileReference; lastKnownFileType = folder.assetcatalog; path = Images.xcassets; sourceTree = "<group>"; };
		BEF5C4F51AC648F5004DCA40 /* WatchKit Positioning WatchKit App.app */ = {isa = PBXFileReference; explicitFileType = wrapper.application; includeInIndex = 0; path = "WatchKit Positioning WatchKit App.app"; sourceTree = BUILT_PRODUCTS_DIR; };
		BEF5C4FB1AC648F5004DCA40 /* Info.plist */ = {isa = PBXFileReference; lastKnownFileType = text.plist.xml; path = Info.plist; sourceTree = "<group>"; };
		BEF5C4FD1AC648F5004DCA40 /* Base */ = {isa = PBXFileReference; lastKnownFileType = file.storyboard; name = Base; path = Base.lproj/Interface.storyboard; sourceTree = "<group>"; };
		BEF5C4FF1AC648F5004DCA40 /* Images.xcassets */ = {isa = PBXFileReference; lastKnownFileType = folder.assetcatalog; path = Images.xcassets; sourceTree = "<group>"; };
/* End PBXFileReference section */

/* Begin PBXFrameworksBuildPhase section */
		BEF5C4BB1AC63F5A004DCA40 /* Frameworks */ = {
			isa = PBXFrameworksBuildPhase;
			buildActionMask = 2147483647;
			files = (
			);
			runOnlyForDeploymentPostprocessing = 0;
		};
		BEF5C4D01AC63F5A004DCA40 /* Frameworks */ = {
			isa = PBXFrameworksBuildPhase;
			buildActionMask = 2147483647;
			files = (
			);
			runOnlyForDeploymentPostprocessing = 0;
		};
		BEF5C4E81AC648F5004DCA40 /* Frameworks */ = {
			isa = PBXFrameworksBuildPhase;
			buildActionMask = 2147483647;
			files = (
			);
			runOnlyForDeploymentPostprocessing = 0;
		};
/* End PBXFrameworksBuildPhase section */

/* Begin PBXGroup section */
		BEF5C4B51AC63F5A004DCA40 = {
			isa = PBXGroup;
			children = (
				BEF5C4E31AC6410C004DCA40 /* LICENSE.md */,
				BEF5C4E41AC6410C004DCA40 /* README.md */,
				BEF5C4C01AC63F5A004DCA40 /* WatchKit Positioning */,
				BEF5C4D61AC63F5A004DCA40 /* WatchKit PositioningTests */,
				BEF5C4EC1AC648F5004DCA40 /* WatchKit Positioning WatchKit Extension */,
				BEF5C4F91AC648F5004DCA40 /* WatchKit Positioning WatchKit App */,
				BEF5C4BF1AC63F5A004DCA40 /* Products */,
			);
			sourceTree = "<group>";
		};
		BEF5C4BF1AC63F5A004DCA40 /* Products */ = {
			isa = PBXGroup;
			children = (
				BEF5C4BE1AC63F5A004DCA40 /* WatchKit Positioning.app */,
				BEF5C4D31AC63F5A004DCA40 /* WatchKit PositioningTests.xctest */,
				BEF5C4EB1AC648F5004DCA40 /* WatchKit Positioning WatchKit Extension.appex */,
				BEF5C4F51AC648F5004DCA40 /* WatchKit Positioning WatchKit App.app */,
			);
			name = Products;
			sourceTree = "<group>";
		};
		BEF5C4C01AC63F5A004DCA40 /* WatchKit Positioning */ = {
			isa = PBXGroup;
			children = (
				BEF5C4C31AC63F5A004DCA40 /* AppDelegate.swift */,
				BEF5C4C51AC63F5A004DCA40 /* ViewController.swift */,
				BEF5C4C71AC63F5A004DCA40 /* Main.storyboard */,
				BEF5C4CA1AC63F5A004DCA40 /* Images.xcassets */,
				BEF5C4CC1AC63F5A004DCA40 /* LaunchScreen.xib */,
				BEF5C4C11AC63F5A004DCA40 /* Supporting Files */,
			);
			path = "WatchKit Positioning";
			sourceTree = "<group>";
		};
		BEF5C4C11AC63F5A004DCA40 /* Supporting Files */ = {
			isa = PBXGroup;
			children = (
				BEF5C4C21AC63F5A004DCA40 /* Info.plist */,
			);
			name = "Supporting Files";
			sourceTree = "<group>";
		};
		BEF5C4D61AC63F5A004DCA40 /* WatchKit PositioningTests */ = {
			isa = PBXGroup;
			children = (
				BEF5C4D91AC63F5A004DCA40 /* WatchKit_PositioningTests.swift */,
				BEF5C4D71AC63F5A004DCA40 /* Supporting Files */,
			);
			path = "WatchKit PositioningTests";
			sourceTree = "<group>";
		};
		BEF5C4D71AC63F5A004DCA40 /* Supporting Files */ = {
			isa = PBXGroup;
			children = (
				BEF5C4D81AC63F5A004DCA40 /* Info.plist */,
			);
			name = "Supporting Files";
			sourceTree = "<group>";
		};
		BEF5C4EC1AC648F5004DCA40 /* WatchKit Positioning WatchKit Extension */ = {
			isa = PBXGroup;
			children = (
				BEF5C4EF1AC648F5004DCA40 /* InterfaceController.swift */,
				BEF5C4F11AC648F5004DCA40 /* Images.xcassets */,
				BEF5C4ED1AC648F5004DCA40 /* Supporting Files */,
			);
			path = "WatchKit Positioning WatchKit Extension";
			sourceTree = "<group>";
		};
		BEF5C4ED1AC648F5004DCA40 /* Supporting Files */ = {
			isa = PBXGroup;
			children = (
				BEF5C4EE1AC648F5004DCA40 /* Info.plist */,
			);
			name = "Supporting Files";
			sourceTree = "<group>";
		};
		BEF5C4F91AC648F5004DCA40 /* WatchKit Positioning WatchKit App */ = {
			isa = PBXGroup;
			children = (
				BEF5C4FC1AC648F5004DCA40 /* Interface.storyboard */,
				BEF5C4FF1AC648F5004DCA40 /* Images.xcassets */,
				BEF5C4FA1AC648F5004DCA40 /* Supporting Files */,
			);
			path = "WatchKit Positioning WatchKit App";
			sourceTree = "<group>";
		};
		BEF5C4FA1AC648F5004DCA40 /* Supporting Files */ = {
			isa = PBXGroup;
			children = (
				BEF5C4FB1AC648F5004DCA40 /* Info.plist */,
			);
			name = "Supporting Files";
			sourceTree = "<group>";
		};
/* End PBXGroup section */

/* Begin PBXNativeTarget section */
		BEF5C4BD1AC63F5A004DCA40 /* WatchKit Positioning */ = {
			isa = PBXNativeTarget;
			buildConfigurationList = BEF5C4DD1AC63F5A004DCA40 /* Build configuration list for PBXNativeTarget "WatchKit Positioning" */;
			buildPhases = (
				BEF5C4BA1AC63F5A004DCA40 /* Sources */,
				BEF5C4BB1AC63F5A004DCA40 /* Frameworks */,
				BEF5C4BC1AC63F5A004DCA40 /* Resources */,
				BEF5C5031AC648F5004DCA40 /* Embed App Extensions */,
			);
			buildRules = (
			);
			dependencies = (
				BEF5C5021AC648F5004DCA40 /* PBXTargetDependency */,
			);
			name = "WatchKit Positioning";
			productName = "WatchKit Positioning";
			productReference = BEF5C4BE1AC63F5A004DCA40 /* WatchKit Positioning.app */;
			productType = "com.apple.product-type.application";
		};
		BEF5C4D21AC63F5A004DCA40 /* WatchKit PositioningTests */ = {
			isa = PBXNativeTarget;
			buildConfigurationList = BEF5C4E01AC63F5A004DCA40 /* Build configuration list for PBXNativeTarget "WatchKit PositioningTests" */;
			buildPhases = (
				BEF5C4CF1AC63F5A004DCA40 /* Sources */,
				BEF5C4D01AC63F5A004DCA40 /* Frameworks */,
				BEF5C4D11AC63F5A004DCA40 /* Resources */,
			);
			buildRules = (
			);
			dependencies = (
				BEF5C4D51AC63F5A004DCA40 /* PBXTargetDependency */,
			);
			name = "WatchKit PositioningTests";
			productName = "WatchKit PositioningTests";
			productReference = BEF5C4D31AC63F5A004DCA40 /* WatchKit PositioningTests.xctest */;
			productType = "com.apple.product-type.bundle.unit-test";
		};
		BEF5C4EA1AC648F5004DCA40 /* WatchKit Positioning WatchKit Extension */ = {
			isa = PBXNativeTarget;
			buildConfigurationList = BEF5C5081AC648F5004DCA40 /* Build configuration list for PBXNativeTarget "WatchKit Positioning WatchKit Extension" */;
			buildPhases = (
				BEF5C4E71AC648F5004DCA40 /* Sources */,
				BEF5C4E81AC648F5004DCA40 /* Frameworks */,
				BEF5C4E91AC648F5004DCA40 /* Resources */,
			);
			buildRules = (
			);
			dependencies = (
				BEF5C4F81AC648F5004DCA40 /* PBXTargetDependency */,
			);
			name = "WatchKit Positioning WatchKit Extension";
			productName = "WatchKit Positioning WatchKit Extension";
			productReference = BEF5C4EB1AC648F5004DCA40 /* WatchKit Positioning WatchKit Extension.appex */;
			productType = "com.apple.product-type.watchkit-extension";
		};
		BEF5C4F41AC648F5004DCA40 /* WatchKit Positioning WatchKit App */ = {
			isa = PBXNativeTarget;
			buildConfigurationList = BEF5C5051AC648F5004DCA40 /* Build configuration list for PBXNativeTarget "WatchKit Positioning WatchKit App" */;
			buildPhases = (
				BEF5C4F31AC648F5004DCA40 /* Resources */,
			);
			buildRules = (
			);
			dependencies = (
			);
			name = "WatchKit Positioning WatchKit App";
			productName = "WatchKit Positioning WatchKit App";
			productReference = BEF5C4F51AC648F5004DCA40 /* WatchKit Positioning WatchKit App.app */;
			productType = "com.apple.product-type.application.watchapp";
		};
/* End PBXNativeTarget section */

/* Begin PBXProject section */
		BEF5C4B61AC63F5A004DCA40 /* Project object */ = {
			isa = PBXProject;
			attributes = {
				LastUpgradeCheck = 0620;
				ORGANIZATIONNAME = "Kenneth Wilcox";
				TargetAttributes = {
					BEF5C4BD1AC63F5A004DCA40 = {
						CreatedOnToolsVersion = 6.2;
					};
					BEF5C4D21AC63F5A004DCA40 = {
						CreatedOnToolsVersion = 6.2;
						TestTargetID = BEF5C4BD1AC63F5A004DCA40;
					};
					BEF5C4EA1AC648F5004DCA40 = {
						CreatedOnToolsVersion = 6.2;
					};
					BEF5C4F41AC648F5004DCA40 = {
						CreatedOnToolsVersion = 6.2;
					};
				};
			};
			buildConfigurationList = BEF5C4B91AC63F5A004DCA40 /* Build configuration list for PBXProject "WatchKit Positioning" */;
			compatibilityVersion = "Xcode 3.2";
			developmentRegion = English;
			hasScannedForEncodings = 0;
			knownRegions = (
				en,
				Base,
			);
			mainGroup = BEF5C4B51AC63F5A004DCA40;
			productRefGroup = BEF5C4BF1AC63F5A004DCA40 /* Products */;
			projectDirPath = "";
			projectRoot = "";
			targets = (
				BEF5C4BD1AC63F5A004DCA40 /* WatchKit Positioning */,
				BEF5C4D21AC63F5A004DCA40 /* WatchKit PositioningTests */,
				BEF5C4EA1AC648F5004DCA40 /* WatchKit Positioning WatchKit Extension */,
				BEF5C4F41AC648F5004DCA40 /* WatchKit Positioning WatchKit App */,
			);
		};
/* End PBXProject section */

/* Begin PBXResourcesBuildPhase section */
		BEF5C4BC1AC63F5A004DCA40 /* Resources */ = {
			isa = PBXResourcesBuildPhase;
			buildActionMask = 2147483647;
			files = (
				BEF5C4C91AC63F5A004DCA40 /* Main.storyboard in Resources */,
				BEF5C4CE1AC63F5A004DCA40 /* LaunchScreen.xib in Resources */,
				BEF5C4CB1AC63F5A004DCA40 /* Images.xcassets in Resources */,
			);
			runOnlyForDeploymentPostprocessing = 0;
		};
		BEF5C4D11AC63F5A004DCA40 /* Resources */ = {
			isa = PBXResourcesBuildPhase;
			buildActionMask = 2147483647;
			files = (
			);
			runOnlyForDeploymentPostprocessing = 0;
		};
		BEF5C4E91AC648F5004DCA40 /* Resources */ = {
			isa = PBXResourcesBuildPhase;
			buildActionMask = 2147483647;
			files = (
				BEF5C4F61AC648F5004DCA40 /* WatchKit Positioning WatchKit App.app in Resources */,
				BEF5C4F21AC648F5004DCA40 /* Images.xcassets in Resources */,
			);
			runOnlyForDeploymentPostprocessing = 0;
		};
		BEF5C4F31AC648F5004DCA40 /* Resources */ = {
			isa = PBXResourcesBuildPhase;
			buildActionMask = 2147483647;
			files = (
				BEF5C4FE1AC648F5004DCA40 /* Interface.storyboard in Resources */,
				BEF5C5001AC648F5004DCA40 /* Images.xcassets in Resources */,
			);
			runOnlyForDeploymentPostprocessing = 0;
		};
/* End PBXResourcesBuildPhase section */

/* Begin PBXSourcesBuildPhase section */
		BEF5C4BA1AC63F5A004DCA40 /* Sources */ = {
			isa = PBXSourcesBuildPhase;
			buildActionMask = 2147483647;
			files = (
				BEF5C4C61AC63F5A004DCA40 /* ViewController.swift in Sources */,
				BEF5C4C41AC63F5A004DCA40 /* AppDelegate.swift in Sources */,
			);
			runOnlyForDeploymentPostprocessing = 0;
		};
		BEF5C4CF1AC63F5A004DCA40 /* Sources */ = {
			isa = PBXSourcesBuildPhase;
			buildActionMask = 2147483647;
			files = (
				BEF5C4DA1AC63F5A004DCA40 /* WatchKit_PositioningTests.swift in Sources */,
			);
			runOnlyForDeploymentPostprocessing = 0;
		};
		BEF5C4E71AC648F5004DCA40 /* Sources */ = {
			isa = PBXSourcesBuildPhase;
			buildActionMask = 2147483647;
			files = (
				BEF5C4F01AC648F5004DCA40 /* InterfaceController.swift in Sources */,
			);
			runOnlyForDeploymentPostprocessing = 0;
		};
/* End PBXSourcesBuildPhase section */

/* Begin PBXTargetDependency section */
		BEF5C4D51AC63F5A004DCA40 /* PBXTargetDependency */ = {
			isa = PBXTargetDependency;
			target = BEF5C4BD1AC63F5A004DCA40 /* WatchKit Positioning */;
			targetProxy = BEF5C4D41AC63F5A004DCA40 /* PBXContainerItemProxy */;
		};
		BEF5C4F81AC648F5004DCA40 /* PBXTargetDependency */ = {
			isa = PBXTargetDependency;
			target = BEF5C4F41AC648F5004DCA40 /* WatchKit Positioning WatchKit App */;
			targetProxy = BEF5C4F71AC648F5004DCA40 /* PBXContainerItemProxy */;
		};
		BEF5C5021AC648F5004DCA40 /* PBXTargetDependency */ = {
			isa = PBXTargetDependency;
			target = BEF5C4EA1AC648F5004DCA40 /* WatchKit Positioning WatchKit Extension */;
			targetProxy = BEF5C5011AC648F5004DCA40 /* PBXContainerItemProxy */;
		};
/* End PBXTargetDependency section */

/* Begin PBXVariantGroup section */
		BEF5C4C71AC63F5A004DCA40 /* Main.storyboard */ = {
			isa = PBXVariantGroup;
			children = (
				BEF5C4C81AC63F5A004DCA40 /* Base */,
			);
			name = Main.storyboard;
			sourceTree = "<group>";
		};
		BEF5C4CC1AC63F5A004DCA40 /* LaunchScreen.xib */ = {
			isa = PBXVariantGroup;
			children = (
				BEF5C4CD1AC63F5A004DCA40 /* Base */,
			);
			name = LaunchScreen.xib;
			sourceTree = "<group>";
		};
		BEF5C4FC1AC648F5004DCA40 /* Interface.storyboard */ = {
			isa = PBXVariantGroup;
			children = (
				BEF5C4FD1AC648F5004DCA40 /* Base */,
			);
			name = Interface.storyboard;
			sourceTree = "<group>";
		};
/* End PBXVariantGroup section */

/* Begin XCBuildConfiguration section */
		BEF5C4DB1AC63F5A004DCA40 /* Debug */ = {
			isa = XCBuildConfiguration;
			buildSettings = {
				ALWAYS_SEARCH_USER_PATHS = NO;
				CLANG_CXX_LANGUAGE_STANDARD = "gnu++0x";
				CLANG_CXX_LIBRARY = "libc++";
				CLANG_ENABLE_MODULES = YES;
				CLANG_ENABLE_OBJC_ARC = YES;
				CLANG_WARN_BOOL_CONVERSION = YES;
				CLANG_WARN_CONSTANT_CONVERSION = YES;
				CLANG_WARN_DIRECT_OBJC_ISA_USAGE = YES_ERROR;
				CLANG_WARN_EMPTY_BODY = YES;
				CLANG_WARN_ENUM_CONVERSION = YES;
				CLANG_WARN_INT_CONVERSION = YES;
				CLANG_WARN_OBJC_ROOT_CLASS = YES_ERROR;
				CLANG_WARN_UNREACHABLE_CODE = YES;
				CLANG_WARN__DUPLICATE_METHOD_MATCH = YES;
				"CODE_SIGN_IDENTITY[sdk=iphoneos*]" = "iPhone Developer";
				COPY_PHASE_STRIP = NO;
				ENABLE_STRICT_OBJC_MSGSEND = YES;
				GCC_C_LANGUAGE_STANDARD = gnu99;
				GCC_DYNAMIC_NO_PIC = NO;
				GCC_OPTIMIZATION_LEVEL = 0;
				GCC_PREPROCESSOR_DEFINITIONS = (
					"DEBUG=1",
					"$(inherited)",
				);
				GCC_SYMBOLS_PRIVATE_EXTERN = NO;
				GCC_WARN_64_TO_32_BIT_CONVERSION = YES;
				GCC_WARN_ABOUT_RETURN_TYPE = YES_ERROR;
				GCC_WARN_UNDECLARED_SELECTOR = YES;
				GCC_WARN_UNINITIALIZED_AUTOS = YES_AGGRESSIVE;
				GCC_WARN_UNUSED_FUNCTION = YES;
				GCC_WARN_UNUSED_VARIABLE = YES;
				IPHONEOS_DEPLOYMENT_TARGET = 8.2;
				MTL_ENABLE_DEBUG_INFO = YES;
				ONLY_ACTIVE_ARCH = YES;
				SDKROOT = iphoneos;
				SWIFT_OPTIMIZATION_LEVEL = "-Onone";
				TARGETED_DEVICE_FAMILY = "1,2";
			};
			name = Debug;
		};
		BEF5C4DC1AC63F5A004DCA40 /* Release */ = {
			isa = XCBuildConfiguration;
			buildSettings = {
				ALWAYS_SEARCH_USER_PATHS = NO;
				CLANG_CXX_LANGUAGE_STANDARD = "gnu++0x";
				CLANG_CXX_LIBRARY = "libc++";
				CLANG_ENABLE_MODULES = YES;
				CLANG_ENABLE_OBJC_ARC = YES;
				CLANG_WARN_BOOL_CONVERSION = YES;
				CLANG_WARN_CONSTANT_CONVERSION = YES;
				CLANG_WARN_DIRECT_OBJC_ISA_USAGE = YES_ERROR;
				CLANG_WARN_EMPTY_BODY = YES;
				CLANG_WARN_ENUM_CONVERSION = YES;
				CLANG_WARN_INT_CONVERSION = YES;
				CLANG_WARN_OBJC_ROOT_CLASS = YES_ERROR;
				CLANG_WARN_UNREACHABLE_CODE = YES;
				CLANG_WARN__DUPLICATE_METHOD_MATCH = YES;
				"CODE_SIGN_IDENTITY[sdk=iphoneos*]" = "iPhone Developer";
				COPY_PHASE_STRIP = NO;
				ENABLE_NS_ASSERTIONS = NO;
				ENABLE_STRICT_OBJC_MSGSEND = YES;
				GCC_C_LANGUAGE_STANDARD = gnu99;
				GCC_WARN_64_TO_32_BIT_CONVERSION = YES;
				GCC_WARN_ABOUT_RETURN_TYPE = YES_ERROR;
				GCC_WARN_UNDECLARED_SELECTOR = YES;
				GCC_WARN_UNINITIALIZED_AUTOS = YES_AGGRESSIVE;
				GCC_WARN_UNUSED_FUNCTION = YES;
				GCC_WARN_UNUSED_VARIABLE = YES;
				IPHONEOS_DEPLOYMENT_TARGET = 8.2;
				MTL_ENABLE_DEBUG_INFO = NO;
				SDKROOT = iphoneos;
				TARGETED_DEVICE_FAMILY = "1,2";
				VALIDATE_PRODUCT = YES;
			};
			name = Release;
		};
		BEF5C4DE1AC63F5A004DCA40 /* Debug */ = {
			isa = XCBuildConfiguration;
			buildSettings = {
				ASSETCATALOG_COMPILER_APPICON_NAME = AppIcon;
				EMBEDDED_CONTENT_CONTAINS_SWIFT = YES;
				INFOPLIST_FILE = "WatchKit Positioning/Info.plist";
				LD_RUNPATH_SEARCH_PATHS = "$(inherited) @executable_path/Frameworks";
				PRODUCT_NAME = "$(TARGET_NAME)";
			};
			name = Debug;
		};
		BEF5C4DF1AC63F5A004DCA40 /* Release */ = {
			isa = XCBuildConfiguration;
			buildSettings = {
				ASSETCATALOG_COMPILER_APPICON_NAME = AppIcon;
				EMBEDDED_CONTENT_CONTAINS_SWIFT = YES;
				INFOPLIST_FILE = "WatchKit Positioning/Info.plist";
				LD_RUNPATH_SEARCH_PATHS = "$(inherited) @executable_path/Frameworks";
				PRODUCT_NAME = "$(TARGET_NAME)";
			};
			name = Release;
		};
		BEF5C4E11AC63F5A004DCA40 /* Debug */ = {
			isa = XCBuildConfiguration;
			buildSettings = {
				BUNDLE_LOADER = "$(TEST_HOST)";
				FRAMEWORK_SEARCH_PATHS = (
					"$(SDKROOT)/Developer/Library/Frameworks",
					"$(inherited)",
				);
				GCC_PREPROCESSOR_DEFINITIONS = (
					"DEBUG=1",
					"$(inherited)",
				);
				INFOPLIST_FILE = "WatchKit PositioningTests/Info.plist";
				LD_RUNPATH_SEARCH_PATHS = "$(inherited) @executable_path/Frameworks @loader_path/Frameworks";
				PRODUCT_NAME = "$(TARGET_NAME)";
				TEST_HOST = "$(BUILT_PRODUCTS_DIR)/WatchKit Positioning.app/WatchKit Positioning";
			};
			name = Debug;
		};
		BEF5C4E21AC63F5A004DCA40 /* Release */ = {
			isa = XCBuildConfiguration;
			buildSettings = {
				BUNDLE_LOADER = "$(TEST_HOST)";
				FRAMEWORK_SEARCH_PATHS = (
					"$(SDKROOT)/Developer/Library/Frameworks",
					"$(inherited)",
				);
				INFOPLIST_FILE = "WatchKit PositioningTests/Info.plist";
				LD_RUNPATH_SEARCH_PATHS = "$(inherited) @executable_path/Frameworks @loader_path/Frameworks";
				PRODUCT_NAME = "$(TARGET_NAME)";
				TEST_HOST = "$(BUILT_PRODUCTS_DIR)/WatchKit Positioning.app/WatchKit Positioning";
			};
			name = Release;
		};
		BEF5C5061AC648F5004DCA40 /* Debug */ = {
			isa = XCBuildConfiguration;
			buildSettings = {
				ASSETCATALOG_COMPILER_APPICON_NAME = AppIcon;
				GCC_PREPROCESSOR_DEFINITIONS = (
					"DEBUG=1",
					"$(inherited)",
				);
				IBSC_MODULE = WatchKit_Positioning_WatchKit_Extension;
				INFOPLIST_FILE = "WatchKit Positioning WatchKit App/Info.plist";
				PRODUCT_NAME = "$(TARGET_NAME)";
				SKIP_INSTALL = YES;
				TARGETED_DEVICE_FAMILY = 4;
				"TARGETED_DEVICE_FAMILY[sdk=iphonesimulator*]" = "1,4";
			};
			name = Debug;
		};
		BEF5C5071AC648F5004DCA40 /* Release */ = {
			isa = XCBuildConfiguration;
			buildSettings = {
				ASSETCATALOG_COMPILER_APPICON_NAME = AppIcon;
				IBSC_MODULE = WatchKit_Positioning_WatchKit_Extension;
				INFOPLIST_FILE = "WatchKit Positioning WatchKit App/Info.plist";
				PRODUCT_NAME = "$(TARGET_NAME)";
				SKIP_INSTALL = YES;
				TARGETED_DEVICE_FAMILY = 4;
				"TARGETED_DEVICE_FAMILY[sdk=iphonesimulator*]" = "1,4";
			};
			name = Release;
		};
		BEF5C5091AC648F5004DCA40 /* Debug */ = {
			isa = XCBuildConfiguration;
			buildSettings = {
				GCC_PREPROCESSOR_DEFINITIONS = (
					"DEBUG=1",
					"$(inherited)",
				);
				INFOPLIST_FILE = "WatchKit Positioning WatchKit Extension/Info.plist";
				LD_RUNPATH_SEARCH_PATHS = "$(inherited) @executable_path/Frameworks @executable_path/../../Frameworks";
				PRODUCT_NAME = "${TARGET_NAME}";
				SKIP_INSTALL = YES;
			};
			name = Debug;
		};
		BEF5C50A1AC648F5004DCA40 /* Release */ = {
			isa = XCBuildConfiguration;
			buildSettings = {
				INFOPLIST_FILE = "WatchKit Positioning WatchKit Extension/Info.plist";
				LD_RUNPATH_SEARCH_PATHS = "$(inherited) @executable_path/Frameworks @executable_path/../../Frameworks";
				PRODUCT_NAME = "${TARGET_NAME}";
				SKIP_INSTALL = YES;
			};
			name = Release;
		};
/* End XCBuildConfiguration section */

/* Begin XCConfigurationList section */
		BEF5C4B91AC63F5A004DCA40 /* Build configuration list for PBXProject "WatchKit Positioning" */ = {
			isa = XCConfigurationList;
			buildConfigurations = (
				BEF5C4DB1AC63F5A004DCA40 /* Debug */,
				BEF5C4DC1AC63F5A004DCA40 /* Release */,
			);
			defaultConfigurationIsVisible = 0;
			defaultConfigurationName = Release;
		};
		BEF5C4DD1AC63F5A004DCA40 /* Build configuration list for PBXNativeTarget "WatchKit Positioning" */ = {
			isa = XCConfigurationList;
			buildConfigurations = (
				BEF5C4DE1AC63F5A004DCA40 /* Debug */,
				BEF5C4DF1AC63F5A004DCA40 /* Release */,
			);
			defaultConfigurationIsVisible = 0;
		};
		BEF5C4E01AC63F5A004DCA40 /* Build configuration list for PBXNativeTarget "WatchKit PositioningTests" */ = {
			isa = XCConfigurationList;
			buildConfigurations = (
				BEF5C4E11AC63F5A004DCA40 /* Debug */,
				BEF5C4E21AC63F5A004DCA40 /* Release */,
			);
			defaultConfigurationIsVisible = 0;
		};
		BEF5C5051AC648F5004DCA40 /* Build configuration list for PBXNativeTarget "WatchKit Positioning WatchKit App" */ = {
			isa = XCConfigurationList;
			buildConfigurations = (
				BEF5C5061AC648F5004DCA40 /* Debug */,
				BEF5C5071AC648F5004DCA40 /* Release */,
			);
			defaultConfigurationIsVisible = 0;
		};
		BEF5C5081AC648F5004DCA40 /* Build configuration list for PBXNativeTarget "WatchKit Positioning WatchKit Extension" */ = {
			isa = XCConfigurationList;
			buildConfigurations = (
				BEF5C5091AC648F5004DCA40 /* Debug */,
				BEF5C50A1AC648F5004DCA40 /* Release */,
			);
			defaultConfigurationIsVisible = 0;
		};
/* End XCConfigurationList section */
	};
	rootObject = BEF5C4B61AC63F5A004DCA40 /* Project object */;
}
